{
  "name": "ruffl-backend",
  "version": "1.0.0",
  "lockfileVersion": 3,
  "requires": true,
  "packages": {
    "": {
      "name": "ruffl-backend",
      "version": "1.0.0",
      "dependencies": {
        "@aws-sdk/client-s3": "^3.1098.0",
        "@aws-sdk/s3-request-presigner": "^3.1098.0",
        "@fastify/cors": "^11.1.0",
        "@fastify/helmet": "^13.0.2",
        "@fastify/jwt": "^10.0.0",
        "@fastify/rate-limit": "^10.3.0",
        "@sentry/node": "^10.69.0",
        "fastify": "^5.6.2",
        "pg": "^8.22.0",
        "zod": "^4.4.3"
      },
      "devDependencies": {
        "@types/node": "^24.7.2",
        "@types/pg": "^8.20.0",
        "tsx": "^4.20.6",
        "typescript": "~5.9.3",
        "vitest": "^3.2.4"
      },
      "engines": {
        "node": ">=20.19"
      }
    },
    "node_modules/@apm-js-collab/code-transformer": {
      "version": "0.18.1",
      "resolved": "https://registry.npmjs.org/@apm-js-collab/code-transformer/-/code-transformer-0.18.1.tgz",
      "integrity": "sha512-u1Hb6bHjWtkSpiprwVP6YaHC1DTN4RAU3zYkUDUe7WMnJwdyU1pwTL9dFKiSJB9IiLue/EQovmyx6xhU7FFtAQ==",
      "license": "Apache-2.0",
      "dependencies": {
        "@types/estree": "^1.0.8",
        "astring": "^1.9.0",
        "esquery": "^1.7.0",
        "meriyah": "^6.1.4",
        "semifies": "^1.0.0",
        "source-map": "^0.6.0"
      },
      "bin": {
        "code-transformer": "cli.js"
      }
    },
    "node_modules/@apm-js-collab/code-transformer-bundler-plugins": {
      "version": "0.7.3",
      "resolved": "https://registry.npmjs.org/@apm-js-collab/code-transformer-bundler-plugins/-/code-transformer-bundler-plugins-0.7.3.tgz",
      "integrity": "sha512-qNbPwuMZ8f5ZuGj/ttPeB7a6C/S1bB6tNYaEL5vNiRKydSAxa4AU0gxCWgaP4fVju+AuwhcumSFjrEcGF9Dv7Q==",
      "license": "MIT",
      "dependencies": {
        "@apm-js-collab/code-transformer": "^0.18.0",
        "es-module-lexer": "^2.1.0",
        "magic-string": "^0.30.21",
        "module-details-from-path": "^1.0.4"
      },
      "engines": {
        "node": ">=18.0.0"
      }
    },
    "node_modules/@apm-js-collab/code-transformer-bundler-plugins/node_modules/es-module-lexer": {
      "version": "2.3.1",
      "resolved": "https://registry.npmjs.org/es-module-lexer/-/es-module-lexer-2.3.1.tgz",
      "integrity": "sha512-shc1dbU90Yl/xq1QrC7QRtfcwURZuVRfPhZbDoldJ1cn1gzDvBaBWlv0eFolj5+0znnPJz5TXLxsN77X/12KTA==",
      "license": "MIT"
    },
    "node_modules/@apm-js-collab/tracing-hooks": {
      "version": "0.13.0",
      "resolved": "https://registry.npmjs.org/@apm-js-collab/tracing-hooks/-/tracing-hooks-0.13.0.tgz",
      "integrity": "sha512-mTvWz9rnQwx1U3h0XPTHaX7bgfkpipLLTQyjlC2cdhQpQEuoLT0AGzoydeoq2NxfEVv6fWOOETcSbb2nptleyw==",
      "license": "Apache-2.0",
      "dependencies": {
        "@apm-js-collab/code-transformer": "^0.18.0",
        "debug": "^4.4.1",
        "module-details-from-path": "^1.0.4"
      }
    },
    "node_modules/@aws-sdk/checksums": {
      "version": "3.1000.23",
      "resolved": "https://registry.npmjs.org/@aws-sdk/checksums/-/checksums-3.1000.23.tgz",
      "integrity": "sha512-Hv4VX5+IdDYmAbOdiwZguz8fLh3WnE4VtyJwVNEHLulA+OYy7Z5L0ETGUlX2T4g8DLO8XxCV8CyWrtVL4uwqkg==",
      "license": "Apache-2.0",
      "dependencies": {
        "@aws-sdk/core": "^3.977.3",
        "@aws-sdk/types": "^3.974.2",
        "@smithy/core": "^3.31.1",
        "@smithy/types": "^4.16.1",
        "tslib": "^2.6.2"
      },
      "engines": {
        "node": ">=20.0.0"
      }
    },
    "node_modules/@aws-sdk/client-s3": {
      "version": "3.1098.0",
      "resolved": "https://registry.npmjs.org/@aws-sdk/client-s3/-/client-s3-3.1098.0.tgz",
      "integrity": "sha512-6Z53QG2jdujsCt3eHO2cjCpdfvz2Pgs+hP/NINuGONZUJmdrHLLDvWM9F114Yq0NPIGtk+yA/GCjG3XiUhw+gA==",
      "license": "Apache-2.0",
      "dependencies": {
        "@aws-sdk/checksums": "^3.1000.23",
        "@aws-sdk/core": "^3.977.3",
        "@aws-sdk/credential-provider-node": "^3.972.75",
        "@aws-sdk/middleware-sdk-s3": "^3.972.69",
        "@aws-sdk/signature-v4-multi-region": "^3.996.43",
        "@aws-sdk/types": "^3.974.2",
        "@smithy/core": "^3.31.1",
        "@smithy/fetch-http-handler": "^5.6.13",
        "@smithy/node-http-handler": "^4.9.13",
        "@smithy/types": "^4.16.1",
        "tslib": "^2.6.2"
      },
      "engines": {
        "node": ">=20.0.0"
      }
    },
    "node_modules/@aws-sdk/core": {
      "version": "3.977.3",
      "resolved": "https://registry.npmjs.org/@aws-sdk/core/-/core-3.977.3.tgz",
      "integrity": "sha512-6YZTpF5Zzl0KdSrztM0l6ErKdnXrnnodIDYfayHE9SFfZU8Ubxls7H2XnfWT121jgwiG+WP1z5kyfVDsH5V4qA==",
      "license": "Apache-2.0",
      "dependencies": {
        "@aws-sdk/types": "^3.974.2",
        "@aws-sdk/xml-builder": "^3.972.37",
        "@aws/lambda-invoke-store": "^0.3.0",
        "@smithy/core": "^3.31.1",
        "@smithy/signature-v4": "^5.6.12",
        "@smithy/types": "^4.16.1",
        "bowser": "^2.11.0",
        "tslib": "^2.6.2"
      },
      "engines": {
        "node": ">=20.0.0"
      }
    },
    "node_modules/@aws-sdk/credential-provider-env": {
      "version": "3.972.64",
      "resolved": "https://registry.npmjs.org/@aws-sdk/credential-provider-env/-/credential-provider-env-3.972.64.tgz",
      "integrity": "sha512-14kkR5aj1c7D+cYCrEcG2W3xw87wMYAEUeB/tMiQ2j0RVKzzdewd4mJw1+Q0JVLr4IFU1JHGDCyj0WqLrtIixg==",
      "license": "Apache-2.0",
      "dependencies": {
        "@aws-sdk/core": "^3.977.3",
        "@aws-sdk/types": "^3.974.2",
        "@smithy/core": "^3.31.1",
        "@smithy/types": "^4.16.1",
        "tslib": "^2.6.2"
      },
      "engines": {
        "node": ">=20.0.0"
      }
    },
    "node_modules/@aws-sdk/credential-provider-http": {
      "version": "3.972.66",
      "resolved": "https://registry.npmjs.org/@aws-sdk/credential-provider-http/-/credential-provider-http-3.972.66.tgz",
      "integrity": "sha512-BrZxoXScBZ+nTOYy388zHkz1n5cS8C+uGFMozD4w9OKEWMq39Cu/9l/k385Hb54dtv0VIeh12f8h67o3xDNH9g==",
      "license": "Apache-2.0",
      "dependencies": {
        "@aws-sdk/core": "^3.977.3",
        "@aws-sdk/types": "^3.974.2",
        "@smithy/core": "^3.31.1",
        "@smithy/fetch-http-handler": "^5.6.13",
        "@smithy/node-http-handler": "^4.9.13",
        "@smithy/types": "^4.16.1",
        "tslib": "^2.6.2"
      },
      "engines": {
        "node": ">=20.0.0"
      }
    },
    "node_modules/@aws-sdk/credential-provider-ini": {
      "version": "3.973.9",
      "resolved": "https://registry.npmjs.org/@aws-sdk/credential-provider-ini/-/credential-provider-ini-3.973.9.tgz",
      "integrity": "sha512-d/mMvS+sQjSWNA6+JCldK1YB/jQmtoWM8Izj10mrOZdRCeWNVb8IYQuuyHHKKKXcpGo5Pd0LIK6onHbLvlhuVQ==",
      "license": "Apache-2.0",
      "dependencies": {
        "@aws-sdk/core": "^3.977.3",
        "@aws-sdk/credential-provider-env": "^3.972.64",
        "@aws-sdk/credential-provider-http": "^3.972.66",
        "@aws-sdk/credential-provider-login": "^3.972.71",
        "@aws-sdk/credential-provider-process": "^3.972.64",
        "@aws-sdk/credential-provider-sso": "^3.973.8",
        "@aws-sdk/credential-provider-web-identity": "^3.972.70",
        "@aws-sdk/nested-clients": "^3.997.38",
        "@aws-sdk/types": "^3.974.2",
        "@smithy/core": "^3.31.1",
        "@smithy/credential-provider-imds": "^4.4.16",
        "@smithy/types": "^4.16.1",
        "tslib": "^2.6.2"
      },
      "engines": {
        "node": ">=20.0.0"
      }
    },
    "node_modules/@aws-sdk/credential-provider-login": {
      "version": "3.972.71",
      "resolved": "https://registry.npmjs.org/@aws-sdk/credential-provider-login/-/credential-provider-login-3.972.71.tgz",
      "integrity": "sha512-l93922lXnTs5RjM3QrMCXSmXiEgLFLaQ0Lco9F3tJ08o0mzGdAj6m2nAXDuTMHoUuL0u7RKmrhm+Z8/7GCilyg==",
      "license": "Apache-2.0",
      "dependencies": {
        "@aws-sdk/core": "^3.977.3",
        "@aws-sdk/nested-clients": "^3.997.38",
        "@aws-sdk/types": "^3.974.2",
        "@smithy/core": "^3.31.1",
        "@smithy/types": "^4.16.1",
        "tslib": "^2.6.2"
      },
      "engines": {
        "node": ">=20.0.0"
      }
    },
    "node_modules/@aws-sdk/credential-provider-node": {
      "version": "3.972.75",
      "resolved": "https://registry.npmjs.org/@aws-sdk/credential-provider-node/-/credential-provider-node-3.972.75.tgz",
      "integrity": "sha512-sdFhR4E3HWZefGL6OsBhxqXdqtFvxGOh8VLfiu9yttPgVNcpEozEDPmrTYmXA3CIf6npUETVLveQPGQ7GBzVhg==",
      "license": "Apache-2.0",
      "dependencies": {
        "@aws-sdk/credential-provider-env": "^3.972.64",
        "@aws-sdk/credential-provider-http": "^3.972.66",
        "@aws-sdk/credential-provider-ini": "^3.973.9",
        "@aws-sdk/credential-provider-process": "^3.972.64",
        "@aws-sdk/credential-provider-sso": "^3.973.8",
        "@aws-sdk/credential-provider-web-identity": "^3.972.70",
        "@aws-sdk/types": "^3.974.2",
        "@smithy/core": "^3.31.1",
        "@smithy/credential-provider-imds": "^4.4.16",
        "@smithy/types": "^4.16.1",
        "tslib": "^2.6.2"
      },
      "engines": {
        "node": ">=20.0.0"
      }
    },
    "node_modules/@aws-sdk/credential-provider-process": {
      "version": "3.972.64",
      "resolved": "https://registry.npmjs.org/@aws-sdk/credential-provider-process/-/credential-provider-process-3.972.64.tgz",
      "integrity": "sha512-Q5noG5vfFo++bUaLGcjj8OHX5tmwa1O/5nDVMeaSSZgjzgvWbW6tgu/gSa+aENwcJXjoXDQh+8TRZR2zHds/aw==",
      "license": "Apache-2.0",
      "dependencies": {
        "@aws-sdk/core": "^3.977.3",
        "@aws-sdk/types": "^3.974.2",
        "@smithy/core": "^3.31.1",
        "@smithy/types": "^4.16.1",
        "tslib": "^2.6.2"
      },
      "engines": {
        "node": ">=20.0.0"
      }
    },
    "node_modules/@aws-sdk/credential-provider-sso": {
      "version": "3.973.8",
      "resolved": "https://registry.npmjs.org/@aws-sdk/credential-provider-sso/-/credential-provider-sso-3.973.8.tgz",
      "integrity": "sha512-37okeZyRdVkGrU6nyKBPGqQvyl/7CEiMpUVOb0+BCNCIR0VAuBxNgjMb0mnsR1EXm8dqQFfQZOJ5YW/0sBfa1w==",
      "license": "Apache-2.0",
      "dependencies": {
        "@aws-sdk/core": "^3.977.3",
        "@aws-sdk/nested-clients": "^3.997.38",
        "@aws-sdk/token-providers": "3.1098.0",
        "@aws-sdk/types": "^3.974.2",
        "@smithy/core": "^3.31.1",
        "@smithy/types": "^4.16.1",
        "tslib": "^2.6.2"
      },
      "engines": {
        "node": ">=20.0.0"
      }
    },
    "node_modules/@aws-sdk/credential-provider-web-identity": {
      "version": "3.972.70",
      "resolved": "https://registry.npmjs.org/@aws-sdk/credential-provider-web-identity/-/credential-provider-web-identity-3.972.70.tgz",
      "integrity": "sha512-Ps/f9USafScb6CSQTRPNMzdKL5x5XRwDIRgFvnuFWfClGZe7/fI7iCFqXdxKjc9LBxP28E7iUgNloGgfgw406w==",
      "license": "Apache-2.0",
      "dependencies": {
        "@aws-sdk/core": "^3.977.3",
        "@aws-sdk/nested-clients": "^3.997.38",
        "@aws-sdk/types": "^3.974.2",
        "@smithy/core": "^3.31.1",
        "@smithy/types": "^4.16.1",
        "tslib": "^2.6.2"
      },
      "engines": {
        "node": ">=20.0.0"
      }
    },
    "node_modules/@aws-sdk/middleware-sdk-s3": {
      "version": "3.972.69",
      "resolved": "https://registry.npmjs.org/@aws-sdk/middleware-sdk-s3/-/middleware-sdk-s3-3.972.69.tgz",
      "integrity": "sha512-ziSQA8AkB+u4K/5t/SStFbeoiNTG04reUeddCLNCAgmdRJGQ3+MJcpZOXXLdD6uyfCqSK1/R6004gRdXvHbYQA==",
      "license": "Apache-2.0",
      "dependencies": {
        "@aws-sdk/core": "^3.977.3",
        "@aws-sdk/signature-v4-multi-region": "^3.996.43",
        "@aws-sdk/types": "^3.974.2",
        "@smithy/core": "^3.31.1",
        "@smithy/types": "^4.16.1",
        "tslib": "^2.6.2"
      },
      "engines": {
        "node": ">=20.0.0"
      }
    },
    "node_modules/@aws-sdk/nested-clients": {
      "version": "3.997.38",
      "resolved": "https://registry.npmjs.org/@aws-sdk/nested-clients/-/nested-clients-3.997.38.tgz",
      "integrity": "sha512-jQDs+nxnmgo4+WPOmY373HIC8jx4KyYYMYDI74FWrzX3Ba9fYsV0dSA+7PNYNkhRbbRCRLre83tQ31F1ACCHkA==",
      "license": "Apache-2.0",
      "dependencies": {
        "@aws-sdk/core": "^3.977.3",
        "@aws-sdk/signature-v4-multi-region": "^3.996.43",
        "@aws-sdk/types": "^3.974.2",
        "@smithy/core": "^3.31.1",
        "@smithy/fetch-http-handler": "^5.6.13",
        "@smithy/node-http-handler": "^4.9.13",
        "@smithy/types": "^4.16.1",
        "tslib": "^2.6.2"
      },
      "engines": {
        "node": ">=20.0.0"
      }
    },
    "node_modules/@aws-sdk/s3-request-presigner": {
      "version": "3.1098.0",
      "resolved": "https://registry.npmjs.org/@aws-sdk/s3-request-presigner/-/s3-request-presigner-3.1098.0.tgz",
      "integrity": "sha512-1FQp9O22rWMGBhLZI/fP14kVoxsylk4b8yHh3n78pbTvo1+NUEoe5gG4tFLTz+p6UpCna5qqjp28VlSJO3v8fA==",
      "license": "Apache-2.0",
      "dependencies": {
        "@aws-sdk/core": "^3.977.3",
        "@aws-sdk/signature-v4-multi-region": "^3.996.43",
        "@aws-sdk/types": "^3.974.2",
        "@smithy/core": "^3.31.1",
        "@smithy/types": "^4.16.1",
        "tslib": "^2.6.2"
      },
      "engines": {
        "node": ">=20.0.0"
      }
    },
    "node_modules/@aws-sdk/signature-v4-multi-region": {
      "version": "3.996.43",
      "resolved": "https://registry.npmjs.org/@aws-sdk/signature-v4-multi-region/-/signature-v4-multi-region-3.996.43.tgz",
      "integrity": "sha512-lKekx8bLBXSv4O+cslk9Zfnw2XKSkWBs3uWL5QGhH2ZAQfNS7FE0vcSSN2vD/AhxX54ZTywWxR4STThoeOXlBA==",
      "license": "Apache-2.0",
      "dependencies": {
        "@aws-sdk/types": "^3.974.2",
        "@smithy/signature-v4": "^5.6.12",
        "@smithy/types": "^4.16.1",
        "tslib": "^2.6.2"
      },
      "engines": {
        "node": ">=20.0.0"
      }
    },
    "node_modules/@aws-sdk/token-providers": {
      "version": "3.1098.0",
      "resolved": "https://registry.npmjs.org/@aws-sdk/token-providers/-/token-providers-3.1098.0.tgz",
      "integrity": "sha512-6cFAviffeqYGjrXn4FqGbWcTxB3nbpBpQXUm6MvnrWZThJaVBTHHnespHgSUh4yVLfzhipSh9H/XjzkHQd9P4g==",
      "license": "Apache-2.0",
      "dependencies": {
        "@aws-sdk/core": "^3.977.3",
        "@aws-sdk/nested-clients": "^3.997.38",
        "@aws-sdk/types": "^3.974.2",
        "@smithy/core": "^3.31.1",
        "@smithy/types": "^4.16.1",
        "tslib": "^2.6.2"
      },
      "engines": {
        "node": ">=20.0.0"
      }
    },
    "node_modules/@aws-sdk/types": {
      "version": "3.974.2",
      "resolved": "https://registry.npmjs.org/@aws-sdk/types/-/types-3.974.2.tgz",
      "integrity": "sha512-3W6IUtSxFbH6X7Wb7DzGCV5QiFQsd0g8bOfntpmDxQlzBoKWUMBu/JPQR0DwkE+Hpnxd6db1tXbOwdeHddG6cA==",
      "license": "Apache-2.0",
      "dependencies": {
        "@smithy/types": "^4.16.1",
        "tslib": "^2.6.2"
      },
      "engines": {
        "node": ">=20.0.0"
      }
    },
    "node_mß]}öÚ$z{-®éÜj×$%4BÓ2Ô6ÆW6R ¢ÒÀ¢&æöFUöÖöGVÆW2÷6VÖ–f–W2#¢°¢'fW'6–öâ#¢#ãã"À¢'&W6öÇfVB#¢&‡GG3¢ò÷&Vv—7G'’æçÖ§2æ÷&r÷6VÖ–f–W2òÒ÷6VÖ–f–W2ÓããçFw¢"À¢&–çFVw&—G’#¢'6†S"×……#4´vV÷…DåuCF'dÃTåWÕECutÔç#4Uvæ3“fµ“S&Ç5e$CuUUf$&†•tDutÖÄ¤UVÓ–ÓwTddue67sÓÒ"À¢&Æ–6Vç6R#¢$6†RÓ"ã ¢ÒÀ¢&æöFUöÖöGVÆW2÷6V×fW"#¢°¢'fW'6–öâ#¢#rã‚ãR"À¢'&W6öÇfVB#¢&‡GG3¢ò÷&Vv—7G'’æçÖ§2æ÷&r÷6V×fW"òÒ÷6V×fW"Órã‚ãRçFw¢"À¢&–çFVw&—G’#¢'6†S"Õ“rô´G6#„Æ¦öõ§vw—VÄódEÆ·6t6æ66„„v²·5¤•“E4'eVö4Ô$TdƒUW#d“FEb´§fÃsf6§gV6–“CU&–ôÓÒ"À¢&Æ–6Vç6R#¢$•42"À¢&&–â#¢°¢'6V×fW"#¢&&–â÷6V×fW"æ§2 ¢ÒÀ¢&Væv–æW2#¢°¢&æöFR#¢#ãÓ ¢Ð¢ÒÀ¢&æöFUöÖöGVÆW2÷6WBÖ6öö¶–R×'6W"#¢°¢'fW'6–öâ#¢#"ãrã""À¢'&W6öÇfVB#¢&‡GG3¢ò÷&Vv—7G'’æçÖ§2æ÷&r÷6WBÖ6öö¶–R×'6W"òÒ÷6WBÖ6öö¶–R×'6W"Ó"ãrã"çFw¢"À¢&–çFVw&—G’#¢'6†S"ÖöTÓÇRõWf…G‡r¶s64–g…„‡”¥&2÷V–FC7”³#C&w¤†G3VE%—§37“†£Ft45rµ¤£vC–7FÆC…%”ò¶&GW&ÇgsÓÒ"À¢&Æ–6Vç6R#¢$Ô•B ¢ÒÀ¢&æöFUöÖöGVÆW2÷6–v–æfò#¢°¢'fW'6–öâ#¢#"ãã"À¢'&W6öÇfVB#¢&‡GG3¢ò÷&Vv—7G'’æçÖ§2æ÷&r÷6–v–æfòòÒ÷6–v–æfòÓ"ããçFw¢"À¢&–çFVw&—G’#¢'6†S"×–'ƒtóó†%4$ÄUu…§dVCvtÕs56ã4¤fÅs5Geƒå$V$DÅ$åæTäã…t³ÖT'uDô“uGE%%$¦âôW3¦‡'$4‡SvsÓÒ"À¢&FWb#¢G'VRÀ¢&Æ–6Vç6R#¢$•42 ¢ÒÀ¢&æöFUöÖöGVÆW2÷6öæ–2Ö&ööÒ#¢°¢'fW'6–öâ#¢#Bã"ã"À¢'&W6öÇfVB#¢&‡GG3¢ò÷&Vv—7G'’æçÖ§2æ÷&r÷6öæ–2Ö&ööÒòÒ÷6öæ–2Ö&ööÒÓBã"ãçFw¢"À¢&–çFVw&—G’#¢'6†S"×sd‡GV%†'uE„W5¤ÔÕtU''4•$G$³62´eW—Ewe”„$¤Ç—T“FÆÇ$Ô”3GFÄå6D““”T“ƒdµ§VÓ$Ô×4T¦Äc•ÓÒ"À¢&Æ–6Vç6R#¢$Ô•B"À¢&FWVæFVæ6–W2#¢°¢&FöÖ–2×6ÆVW#¢%ããã ¢Ð¢ÒÀ¢&æöFUöÖöGVÆW2÷6÷W&6RÖÖ#¢°¢'fW'6–öâ#¢#ãbã"À¢'&W6öÇfVB#¢&‡GG3¢ò÷&Vv—7G'’æçÖ§2æ÷&r÷6÷W&6RÖÖòÒ÷6÷W&6RÖÖÓãbãçFw¢"À¢&–çFVw&—G’#¢'6†S"ÕV¦vVÕvÆ$Ö†´&w¥Cu–¶3U•…UCCdc”·S…4u‡&7uVG¢öƒÆ£fVä§§£¦'&ÃUv–ç%f'utõt×”c4cCvsÓÒ"À¢&Æ–6Vç6R#¢$%4BÓ2Ô6ÆW6R"À¢&Væv–æW2#¢°¢&æöFR#¢#ãÓãã ¢Ð¢ÒÀ¢&æöFUöÖöGVÆW2÷6÷W&6RÖÖÖ§2#¢°¢'fW'6–öâ#¢#ã"ã"À¢'&W6öÇfVB#¢&‡GG3¢ò÷&Vv—7G'’æçÖ§2æ÷&r÷6÷W&6RÖÖÖ§2òÒ÷6÷W&6RÖÖÖ§2Óã"ãçFw¢"À¢&–çFVw&—G’#¢'6†S"ÕU…tÔ¶„Ä÷ud¶#s#„•WE‡†e•R·W6G–'EW$²ó‡TtS„5×g&„÷wg¤D'v£…4ÃtÕ3wd—4•4$s…e‚´”E‡eÓÒ"À¢&FWb#¢G'VRÀ¢&Æ–6Vç6R#¢$%4BÓ2Ô6ÆW6R"À¢&Væv–æW2#¢°¢&æöFR#¢#ãÓãã ¢Ð¢ÒÀ¢&æöFUöÖöGVÆW2÷7Æ—C"#¢°¢'fW'6–öâ#¢#Bã"ã"À¢'&W6öÇfVB#¢&‡GG3¢ò÷&Vv—7G'’æçÖ§2æ÷&r÷7Æ—C"òÒ÷7Æ—C"ÓBã"ãçFw¢"À¢&–çFVw&—G’#¢'6†S"ÕV6¦4¤õv¶ç$æ´ceÅƒƒ74„Ód´†ud´æµcc%“†WU”Egc—–Dugt„Ô·†D¦¦SeEwÆ¤su—4F‡$6Dõ”ƒEEvsÓÒ"À¢&Æ–6Vç6R#¢$•42"À¢&Væv–æW2#¢°¢&æöFR#¢#ãÒç‚ ¢Ð¢ÒÀ¢&æöFUöÖöGVÆW2÷7F6¶&6²#¢°¢'fW'6–öâ#¢#ãã""À¢'&W6öÇfVB#¢&‡GG3¢ò÷&Vv—7G'’æçÖ§2æ÷&r÷7F6¶&6²òÒ÷7F6¶&6²Óãã"çFw¢"À¢&–çFVw&—G’#¢'6†S"Ó„Ô¤SVeó¤tƒe’óvV&çuô$V´”VåCEc3&CU#µe†E‡fTÓ”$Ô§C‡¦f…ƒ5…gw%–R³Ssb¶¦´çE53&Ô&'sÓÒ"À¢&FWb#¢G'VRÀ¢&Æ–6Vç6R#¢$Ô•B ¢ÒÀ¢&æöFUöÖöGVÆW2÷7FBÖVçb#¢°¢'fW'6–öâ#¢#2ãã"À¢'&W6öÇfVB#¢&‡GG3¢ò÷&Vv—7G'’æçÖ§2æ÷&r÷7FBÖVçbòÒ÷7FBÖVçbÓ2ããçFw¢"À¢&–çFVw&—G’#¢'6†S"ÓTu3$fDõ¤æÆ”ÓVÔ÷„e&st—#w£„ÖG–Ód“ee´w$u§¦Ö'¤æ4$¥ugg•vv5“u„6vc•W“ƒ”“6fÆ¶sÓÒ"À¢&FWb#¢G'VRÀ¢&Æ–6Vç6R#¢$Ô•B ¢ÒÀ¢&æöFUöÖöGVÆW2÷7FVVB#¢°¢'fW'6–öâ#¢#ãã2"À¢'&W6öÇfVB#¢&‡GG3¢ò÷&Vv—7G'’æçÖ§2æ÷&r÷7FVVBòÒ÷7FVVBÓãã2çFw¢"À¢&–çFVw&—G’#¢'6†S"ÔUV¶6“dV”SD—duE4¶4D¤•öU%U$¤¦#Sb¶ge£G6FæwTÅG–D¶¥7…VS3‡õs†Ö·dµu…s'4e&uG7‡ô•6æÖôÓÒ"À¢&Æ–6Vç6R#¢$Ô•B"À¢&FWVæFVæ6–W2#¢°¢&f7FfÆÂ#¢%ããRã"À¢&f7G&ÆÆVÂ#¢%ã"ã"ã"À¢&f7G#¢%ãã2ã"À¢&f7G6W&–W2#¢%ããrã"À¢'&WW6–g’#¢%ããã ¢Ð¢ÒÀ¢&æöFUöÖöGVÆW2÷7G&—ÖÆ—FW&Â#¢°¢'fW'6–öâ#¢#2ãã"À¢'&W6öÇfVB#¢&‡GG3¢ò÷&Vv—7G'’æçÖ§2æ÷&r÷7G&—ÖÆ—FW&ÂòÒ÷7G&—ÖÆ—FW&ÂÓ2ããçFw¢"À¢&–çFVw&—G’#¢'6†S"Ó‡#6Ö´”Òó"µ¤†ô÷F”s…&s6¤¤Ä†cw…trµ•$w'cdewv²÷FõGG…u”õs$¶EwvÃƒ%eC'De–“TFÅ$ö×†sÓÒ"À¢&FWb#¢G'VRÀ¢&Æ–6Vç6R#¢$Ô•B"À¢&FWVæFVæ6–W2#¢°¢&§2×Fö¶Vç2#¢%ã’ãã ¢ÒÀ¢&gVæF–ær#¢°¢'W&Â#¢&‡GG3¢òöv—F‡V"æ6öÒ÷7öç6÷'2öçFgR ¢Ð¢ÒÀ¢&æöFUöÖöGVÆW2÷F‡&VB×7G&VÒ#¢°¢'fW'6–öâ#¢#Bã"ã"À¢'&W6öÇfVB#¢&‡GG3¢ò÷&Vv—7G'’æçÖ§2æ÷&r÷F‡&VB×7G&VÒòÒ÷F‡&VB×7G&VÒÓBã"ãçFw¢"À¢&–çFVw&—G’#¢'6†S"ÖS'¥£“gu46†¤'6$Tæbõ6ÒóG7t‡C&4Tµ“'&…V¦´Ã”t4¶•DD¤–D&Væ¤RöÓ”E†“&ÕDÔF´dFDööÕW“#DEÓÒ"À¢&Æ–6Vç6R#¢$Ô•B"À¢&FWVæFVæ6–W2#¢°¢'&VÂ×&WV—&R#¢%ããã ¢ÒÀ¢&Væv–æW2#¢°¢&æöFR#¢#ãÓ# ¢Ð¢ÒÀ¢&æöFUöÖöGVÆW2÷F‡&VB×7G&VÒöæöFUöÖöGVÆW2÷&VÂ×&WV—&R#¢°¢'fW'6–öâ#¢#ãã"À¢'&W6öÇfVB#¢&‡GG3¢ò÷&Vv—7G'’æçÖ§2æ÷&r÷&VÂ×&WV—&RòÒ÷&VÂ×&WV—&RÓããçFw¢"À¢&–çFVw&—G’#¢'6†S"ÕFæ%•fU§…%6Õ’·bô´”ç…gV6ÓDäc773w§fTÕGFöÓS$e#E”vÇEUÄ#†–DE‡tDEur¶U—%tDf'W¥Væ¦õt„cvsÓÒ"À¢&Æ–6Vç6R#¢$Ô•B ¢ÒÀ¢&æöFUöÖöGVÆW2÷F–ç–&Væ6‚#¢°¢'fW'6–öâ#¢#"ã’ã"À¢'&W6öÇfVB#¢&‡GG3¢ò÷&Vv—7G'’æçÖ§2æ÷&r÷F–ç–&Væ6‚òÒ÷F–ç–&Væ6‚Ó"ã’ãçFw¢"À¢&–çFVw&—G’#¢'6†S"Ó´EWgtÕfÄÆÖ†fÇ#F´C†”Ô³‡¥cö¶ä7Ev#—c“cCFåôÔf#u3&'†÷…¥E„W''•…fuTögc%—æÆÇvVsÓÒ"À¢&FWb#¢G'VRÀ¢&Æ–6Vç6R#¢$Ô•B ¢ÒÀ¢&æöFUöÖöGVÆW2÷F–ç–W†V2#¢°¢'fW'6–öâ#¢#ã2ã""À¢'&W6öÇfVB#¢&‡GG3¢ò÷&Vv—7G'’æçÖ§2æ÷&r÷F–ç–W†V2òÒ÷F–ç–W†V2Óã2ã"çFw¢"À¢&–çFVw&—G’#¢'6†S"Ôµ#—”ãu#R´õ7v³…ö£#'t†õFÆu—ÕW65–ö¶äöõt5vf¢óRô%DÕ&“c”g$µSVfefƒU4f–·t¤’õö4„ÓÒ"À¢&FWb#¢G'VRÀ¢&Æ–6Vç6R#¢$Ô•B ¢ÒÀ¢&æöFUöÖöGVÆW2÷F–ç–vÆö&'’#¢°¢'fW'6–öâ#¢#ã"ãr"À¢'&W6öÇfVB#¢&‡GG3¢ò÷&Vv—7G'’æçÖ§2æ÷&r÷F–ç–vÆö&'’òÒ÷F–ç–vÆö&'’Óã"ãrçFw¢"À¢&–çFVw&—G’#¢'6†S"×u…"öE—7¶ÖewVE¦¦”´¤÷t4äfæDCDÖç%rö5–¥dwGDV´&efv4Äd†ôç&Æ£CvÖ¤õf–3——”çScVÇ6tcDå•F&sÓÒ"À¢&FWb#¢G'VRÀ¢&Æ–6Vç6R#¢$Ô•B"À¢&FWVæFVæ6–W2#¢°¢&fF—"#¢%ãbãRã"À¢'–6öÖF6‚#¢%ãBããB ¢ÒÀ¢&Væv–æW2#¢°¢&æöFR#¢#ãÓ"ãã ¢ÒÀ¢&gVæF–ær#¢°¢'W&Â#¢&‡GG3¢òöv—F‡V"æ6öÒ÷7öç6÷'2õ7WW&6‡WTFWb ¢Ð¢ÒÀ¢&æöFUöÖöGVÆW2÷F–ç—ööÂ#¢°¢'fW'6–öâ#¢#ãã"À¢'&W6öÇfVB#¢&‡GG3¢ò÷&Vv—7G'’æçÖ§2æ÷&r÷F–ç—ööÂòÒ÷F–ç—ööÂÓããçFw¢"À¢&–çFVw&—G’#¢'6†S"Õ¦&ƒ'3ƒt”g”•†Ö¦•ƒWU¤ô%tG$#4ô†Çµgse6GC’³Bô·WGw“„%E’÷’öõ$Öóced–#V£CGe6óU¶sÓÒ"À¢&FWb#¢G'VRÀ¢&Æ–6Vç6R#¢$Ô•B"À¢&Væv–æW2#¢°¢&æöFR#¢%ã‚ããÇÂãÓ#ãã ¢Ð¢ÒÀ¢&æöFUöÖöGVÆW2÷F–ç—&–æ&÷r#¢°¢'fW'6–öâ#¢#"ãã"À¢'&W6öÇfVB#¢&‡GG3¢ò÷&Vv—7G'’æçÖ§2æ÷&r÷F–ç—&–æ&÷ròÒ÷F–ç—&–æ&÷rÓ"ããçFw¢"À¢&–çFVw&—G’#¢'6†S"Ö÷Fç5E#Cu#gdÕUVõ–Âö¶Æ¤ÄegFÆf†´Å×dÅ#†Ö‚÷—5–³F„U…£ƒƒ&c$5–uG6·eFöS“efCVDE‡sÓÒ"À¢&FWb#¢G'VRÀ¢&Æ–6Vç6R#¢$Ô•B"À¢&Væv–æW2#¢°¢&æöFR#¢#ãÓBãã ¢Ð¢ÒÀ¢&æöFUöÖöGVÆW2÷F–ç—7’#¢°¢'fW'6–öâ#¢#BããB"À¢'&W6öÇfVB#¢&‡GG3¢ò÷&Vv—7G'’æçÖ§2æ÷&r÷F–ç—7’òÒ÷F–ç—7’ÓBããBçFw¢"À¢&–çFVw&—G’#¢'6†S"Ö¦Â·C£wr÷£“S„w“—7dõGW§–³g‡´å6†T§¦ãTÔÕwEuDg—t–6s'uVÇ¤´dwGC67F‡ƒ#%7„Ô³—¤¤õ#”U3uÓÒ"À¢&FWb#¢G'VRÀ¢&Æ–6Vç6R#¢$Ô•B"À¢&Væv–æW2#¢°¢&æöFR#¢#ãÓBãã ¢Ð¢ÒÀ¢&æöFUöÖöGVÆW2÷FöBÖ66†R#¢°¢'fW'6–öâ#¢#2ãrãB"À¢'&W6öÇfVB#¢&‡GG3¢ò÷&Vv—7G'’æçÖ§2æ÷&r÷FöBÖ66†RòÒ÷FöBÖ66†RÓ2ãrãBçFw¢"À¢&–çFVw&—G’#¢'6†S"ÖÓFE"÷'eCv¶tt¥¦‡7çE†G6E–³fFDg¤¤fÄsW2µVµfófÆ´Æõ£5”Äö÷e–§#sTåT¦fUFÅ4†÷4S—T6sÓÒ"À¢&Æ–6Vç6R#¢$Ô•B"À¢&Væv–æW2#¢°¢&æöFR#¢#ãÓ# ¢Ð¢ÒÀ¢&æöFUöÖöGVÆW2÷G6Æ–"#¢°¢'fW'6–öâ#¢#"ã‚ã"À¢'&W6öÇfVB#¢&‡GG3¢ò÷&Vv—7G'’æçÖ§2æ÷&r÷G6Æ–"òÒ÷G6Æ–"Ó"ã‚ãçFw¢"À¢&–çFVw&—G’#¢'6†S"Öô¤gS“D…"´µfGU5UÃwvç×æfÔÇ4ôöäƒf#dTƒt4Vô³öÕU…Sf37t´Ecƒ4Ö´÷T…$‡E5„´µS“””&¥2ó'sÓÒ"À¢&Æ–6Vç6R#¢#%4B ¢ÒÀ¢&æöFUöÖöGVÆW2÷G7‚#¢°¢'fW'6–öâ#¢#Bã#2ã"À¢'&W6öÇfVB#¢&‡GG3¢ò÷&Vv—7G'’æçÖ§2æ÷&r÷G7‚òÒ÷G7‚ÓBã#2ãçFw¢"À¢&–çFVw&—G’#¢'6†S"Ôu†æ´–g‡—ƒu”4õ2÷vöæ–³TÕe%¥S–†“DU¦×¤u¥44¤#“•–võ£„ƒf—DäR÷SG7TR·”ÆÔ÷§TSDSU3EE¢õ¥ƒ'v5uÓÒ"À¢&FWb#¢G'VRÀ¢&Æ–6Vç6R#¢$Ô•B"À¢&FWVæFVæ6–W2#¢°¢&W6'V–ÆB#¢'ãã#‚ã ¢ÒÀ¢&&–â#¢°¢'G7‚#¢&F—7Bö6Æ’æÖ§2 ¢ÒÀ¢&Væv–æW2#¢°¢&æöFR#¢#ãÓ‚ãã ¢ÒÀ¢&÷F–öæÄFWVæFVæ6–W2#¢°¢&g6WfVçG2#¢'ã"ã2ã2 ¢Ð¢ÒÀ¢&æöFUöÖöGVÆW2÷G—W67&—B#¢°¢'fW'6–öâ#¢#Rã’ã2"À¢'&W6öÇfVB#¢&‡GG3¢ò÷&Vv—7G'’æçÖ§2æ÷&r÷G—W67&—BòÒ÷G—W67&—BÓRã’ã2çFw¢"À¢&–çFVw&—G’#¢'6†S"Ö¦Ãe§¥F–äÇ#–UWC4¢÷CucdftäWs•§d%G—7£”¶eDCCe$3%“GdµF–WeCF%†Æ#$†„Ç‡wFÓdÓUFu7sÓÒ"À¢&FWb#¢G'VRÀ¢&Æ–6Vç6R#¢$6†RÓ"ã"À¢&&–â#¢°¢'G62#¢&&–â÷G62"À¢'G76W'fW"#¢&&–â÷G76W'fW" ¢ÒÀ¢&Væv–æW2#¢°¢&æöFR#¢#ãÓBãr ¢Ð¢ÒÀ¢&æöFUöÖöGVÆW2÷VæF–6’×G—W2#¢°¢'fW'6–öâ#¢#rã‚ã""À¢'&W6öÇfVB#¢&‡GG3¢ò÷&Vv—7G'’æçÖ§2æ÷&r÷VæF–6’×G—W2òÒ÷VæF–6’×G—W2Órã‚ã"çFw¢"À¢&–çFVw&—G’#¢'6†S"Ô7T7¦fdt„§–%6'&×#VT‡#ƒ×t¥S6¶§sdÒ·W%wd5†”æTã•4ôwu4¦ã†¦#†Ó5£f—¥fv¶æã#eD4T%$Å’÷sÓÒ"À¢&FWb#¢G'VRÀ¢&Æ–6Vç6R#¢$Ô•B ¢ÒÀ¢&æöFUöÖöGVÆW2÷f—FR#¢°¢'fW'6–öâ#¢#rã2ãb"À¢'&W6öÇfVB#¢&‡GG3¢ò÷&Vv—7G'’æçÖ§2æ÷&r÷f—FRòÒ÷f—FRÓrã2ãbçFw¢"À¢&–çFVw&—G’#¢'6†S"ÓE…c7$v¥5¤fc”‚¶D¤–´³'¦äÃ7¥fÃ”¶´õc”Ö¶µ%"ó4FÇ3G†'5FÆôV3T$Å…uÃ—g4÷†÷‡”¶ôÖÔGVVsÓÒ"À¢&FWb#¢G'VRÀ¢&Æ–6Vç6R#¢$Ô•B"À¢&FWVæFVæ6–W2#¢°¢&W6'V–ÆB#¢%ãã#rãÇÂãã#‚ã"À¢&fF—"#¢%ãbãRã"À¢'–6öÖF6‚#¢%ãBãã2"À¢'÷7F772#¢%ã‚ãRãb"À¢'&öÆÇW#¢%ãBãC2ã"À¢'F–ç–vÆö&'’#¢%ãã"ãR ¢ÒÀ¢&&–â#¢°¢'f—FR#¢&&–â÷f—FRæ§2 ¢ÒÀ¢&Væv–æW2#¢°¢&æöFR#¢%ã#ã’ãÇÂãÓ#"ã"ã ¢ÒÀ¢&gVæF–ær#¢°¢'W&Â#¢&‡GG3¢òöv—F‡V"æ6öÒ÷f—FV§2÷f—FS÷7öç6÷#Ó ¢ÒÀ¢&÷F–öæÄFWVæFVæ6–W2#¢°¢&g6WfVçG2#¢'ã"ã2ã2 ¢ÒÀ¢'VW$FWVæFVæ6–W2#¢°¢$G—W2öæöFR#¢%ã#ã’ãÇÂãÓ#"ã"ã"À¢&¦—F’#¢#ãÓã#ã"À¢&ÆW72#¢%ãBãã"À¢&Æ–v‡Fæ–æv772#¢%ãã#ã"À¢'672#¢%ããsã"À¢'672ÖVÖ&VFFVB#¢%ããsã"À¢'7G–ÇW2#¢#ãÓãSBã‚"À¢'7Vv'72#¢%ãRãã"À¢'FW'6W"#¢%ãRãbã"À¢'G7‚#¢%ãBã‚ã"À¢'–ÖÂ#¢%ã"ãBã" ¢ÒÀ¢'VW$FWVæFVæ6–W4ÖWF#¢°¢$G—W2öæöFR#¢°¢&÷F–öæÂ#¢G'VP¢ÒÀ¢&¦—F’#¢°¢&÷F–öæÂ#¢G'VP¢ÒÀ¢&ÆW72#¢°¢&÷F–öæÂ#¢G'VP¢ÒÀ¢&Æ–v‡Fæ–æv772#¢°¢&÷F–öæÂ#¢G'VP¢ÒÀ¢'672#¢°¢&÷F–öæÂ#¢G'VP¢ÒÀ¢'672ÖVÖ&VFFVB#¢°¢&÷F–öæÂ#¢G'VP¢ÒÀ¢'7G–ÇW2#¢°¢&÷F–öæÂ#¢G'VP¢ÒÀ¢'7Vv'72#¢°¢&÷F–öæÂ#¢G'VP¢ÒÀ¢'FW'6W"#¢°¢&÷F–öæÂ#¢G'VP¢ÒÀ¢'G7‚#¢°¢&÷F–öæÂ#¢G'VP¢ÒÀ¢'–ÖÂ#¢°¢&÷F–öæÂ#¢G'VP¢Ð¢Ð¢ÒÀ¢&æöFUöÖöGVÆW2÷f—FRÖæöFR#¢°¢'fW'6–öâ#¢#2ã"ãB"À¢'&W6öÇfVB#¢&‡GG3¢ò÷&Vv—7G'’æçÖ§2æ÷&r÷f—FRÖæöFRòÒ÷f—FRÖæöFRÓ2ã"ãBçFw¢"À¢&–çFVw&—G’#¢'6†S"ÔV$µ4¶‚¶&ƒS”g†TósãFGfôõGCTF•„ÖB÷â²·#“‚¶¥ó‡D¦–Çe†ÆFWU†v””#T–·¤6tÖÆT„ÔäW4tƒgsÓÒ"À¢&FWb#¢G'VRÀ¢&Æ–6Vç6R#¢$Ô•B"À¢&FWVæFVæ6–W2#¢°¢&62#¢%ãbãrãB"À¢&FV'Vr#¢%ãBãBã"À¢&W2ÖÖöGVÆRÖÆW†W"#¢%ããrã"À¢'F†R#¢%ã"ãã2"À¢'f—FR#¢%ãRããÇÂãbããÇÂãrããÓ ¢ÒÀ¢&&–â#¢°¢'f—FRÖæöFR#¢'f—FRÖæöFRæÖ§2 ¢ÒÀ¢&Væv–æW2#¢°¢&æöFR#¢%ã‚ããÇÂã#ããÇÂãÓ#"ãã ¢ÒÀ¢&gVæF–ær#¢°¢'W&Â#¢&‡GG3¢òö÷Væ6öÆÆV7F—fRæ6öÒ÷f—FW7B ¢Ð¢ÒÀ¢&æöFUöÖöGVÆW2÷f—FW7B#¢°¢'fW'6–öâ#¢#2ã"ãr"À¢'&W6öÇfVB#¢&‡GG3¢ò÷&Vv—7G'’æçÖ§2æ÷&r÷f—FW7BòÒ÷f—FW7BÓ2ã"ãrçFw¢"À¢&–çFVw&—G’#¢'6†S"Ô·'„”£c$fCƒ–vg—5#Ev÷FÆu¤&—£&Geww¥ƒw2´7w7ÄföÕ$ƒsssu¦7$ôCbµudƒv¶…C´$¶'4¤g&DVsÓÒ"À¢&FWb#¢G'VRÀ¢&Æ–6Vç6R#¢$Ô•B"À¢&FWVæFVæ6–W2#¢°¢$G—W2ö6†’#¢%ãRã"ã""À¢$f—FW7BöW‡V7B#¢#2ã"ãr"À¢$f—FW7BöÖö6¶W"#¢#2ã"ãr"À¢$f—FW7B÷&WGG’Öf÷&ÖB#¢%ã2ã"ãr"À¢$f—FW7B÷'VææW"#¢#2ã"ãr"À¢$f—FW7B÷6æ6†÷B#¢#2ã"ãr"À¢$f—FW7B÷7’#¢#2ã"ãr"À¢$f—FW7B÷WF–Ç2#¢#2ã"ãr"À¢&6†’#¢%ãRã"ã"À¢&FV'Vr#¢%ãBãBã"À¢&W‡V7B×G—R#¢%ãã"ã"À¢&Öv–2×7G&–ær#¢%ãã3ãr"À¢'F†R#¢%ã"ãã2"À¢'–6öÖF6‚#¢%ãBãã""À¢'7FBÖVçb#¢%ã2ã’ã"À¢'F–ç–&Væ6‚#¢%ã"ã’ã"À¢'F–ç–W†V2#¢%ãã2ã""À¢'F–ç–vÆö&'’#¢%ãã"ãB"À¢'F–ç—ööÂ#¢%ããã"À¢'F–ç—&–æ&÷r#¢%ã"ãã"À¢'f—FR#¢%ãRããÇÂãbããÇÂãrããÓ"À¢'f—FRÖæöFR#¢#2ã"ãB"À¢'v‡’Ö—2ÖæöFR×'Vææ–ær#¢%ã"ã2ã ¢ÒÀ¢&&–â#¢°¢'f—FW7B#¢'f—FW7BæÖ§2 ¢ÒÀ¢&Væv–æW2#¢°¢&æöFR#¢%ã‚ããÇÂã#ããÇÂãÓ#"ãã ¢ÒÀ¢&gVæF–ær#¢°¢'W&Â#¢&‡GG3¢òö÷Væ6öÆÆV7F—fRæ6öÒ÷f—FW7B ¢ÒÀ¢'VW$FWVæFVæ6–W2#¢°¢$VFvR×'VçF–ÖR÷fÒ#¢"¢"À¢$G—W2öFV'Vr#¢%ãBãã""À¢$G—W2öæöFR#¢%ã‚ããÇÂã#ããÇÂãÓ#"ãã"À¢$f—FW7Bö'&÷w6W"#¢#2ã"ãr"À¢$f—FW7B÷V’#¢#2ã"ãr"À¢&†’ÖFöÒ#¢"¢"À¢&§6FöÒ#¢"¢ ¢ÒÀ¢'VW$FWVæFVæ6–W4ÖWF#¢°¢$VFvR×'VçF–ÖR÷fÒ#¢°¢&÷F–öæÂ#¢G'VP¢ÒÀ¢$G—W2öFV'Vr#¢°¢&÷F–öæÂ#¢G'VP¢ÒÀ¢$G—W2öæöFR#¢°¢&÷F–öæÂ#¢G'VP¢ÒÀ¢$f—FW7Bö'&÷w6W"#¢°¢&÷F–öæÂ#¢G'VP¢ÒÀ¢$f—FW7B÷V’#¢°¢&÷F–öæÂ#¢G'VP¢ÒÀ¢&†’ÖFöÒ#¢°¢&÷F–öæÂ#¢G'VP¢ÒÀ¢&§6FöÒ#¢°¢&÷F–öæÂ#¢G'VP¢Ð¢Ð¢ÒÀ¢&æöFUöÖöGVÆW2÷v‡’Ö—2ÖæöFR×'Vææ–ær#¢°¢'fW'6–öâ#¢#"ã2ã"À¢'&W6öÇfVB#¢&‡GG3¢ò÷&Vv—7G'’æçÖ§2æ÷&r÷v‡’Ö—2ÖæöFR×'Vææ–æròÒ÷v‡’Ö—2ÖæöFR×'Vææ–ærÓ"ã2ãçFw¢"À¢&–çFVw&—G’#¢'6†S"Ö…W&Öt&EdF7‡e—ç–ƒ—§Vä·¥$õv¦%¥F”ç“†D$V¦µ3vV„TE–%„£u‡fÆ×F'wUF6ÅV”—”â´7•…CEfÖ¶ó†dæÓ‡sÓÒ"À¢&FWb#¢G'VRÀ¢&Æ–6Vç6R#¢$Ô•B"À¢&FWVæFVæ6–W2#¢°¢'6–v–æfò#¢%ã"ãã"À¢'7F6¶&6²#¢#ãã" ¢ÒÀ¢&&–â#¢°¢'v‡’Ö—2ÖæöFR×'Vææ–ær#¢&6Æ’æ§2 ¢ÒÀ¢&Væv–æW2#¢°¢&æöFR#¢#ãÓ‚ ¢Ð¢ÒÀ¢&æöFUöÖöGVÆW2÷‡FVæB#¢°¢'fW'6–öâ#¢#Bãã""À¢'&W6öÇfVB#¢&‡GG3¢ò÷&Vv—7G'’æçÖ§2æ÷&r÷‡FVæBòÒ÷‡FVæBÓBãã"çFw¢"À¢&–çFVw&—G’#¢'6†S"ÔÄµ•S”„¥…Vt†ã•U&¦—R´Õv‡•U„‡7fgvÖ7U–Ó–E5T´³ô6§G%Wtd„Cƒ"öÔ5v'DÇ4v¤d–Ct—6öCG§%DUÓÒ"À¢&Æ–6Vç6R#¢$Ô•B"À¢&Væv–æW2#¢°¢&æöFR#¢#ãÓãB ¢Ð¢ÒÀ¢&æöFUöÖöGVÆW2÷¦öB#¢°¢'fW'6–öâ#¢#BãBã2"À¢'&W6öÇfVB#¢&‡GG3¢ò÷&Vv—7G'’æçÖ§2æ÷&r÷¦öBòÒ÷¦öBÓBãBã2çFw¢"À¢&–çFVw&—G’#¢'6†S"×—DTäf¤”¤fÃ%Wu–vÆFS&¦6…s$‡vÓDt¤dÄF•5…vEG$¥$”ã”f7—vãDF‡„¤V•tä¤Õcô'verö¶¶ssTF4„§•EÓÒ"À¢&Æ–6Vç6R#¢$Ô•B"À¢&gVæF–ær#¢°¢'W&Â#¢&‡GG3¢òöv—F‡V"æ6öÒ÷7öç6÷'2ö6öÆ–æ†6·2 ¢Ð¢Ð¢Ð§Ð 